# This file was autogenerated by Stack.
# You should not edit this file by hand.
# For more information, please see the documentation at:
#   https://docs.haskellstack.org/en/stable/lock_files

packages:
- completed:
    name: aeson-tiled
    version: 0.0.0.1
    git: https://github.com/hussein-aitlahcen/aeson-tiled.git
    pantry-tree:
      size: 1047
      sha256: 9f24e9954e29b7ea62b204e20fb4fa2fcc2424d54471eed0ca42cf2d76e0ab4f
    commit: ce5ca6c42e9af64b1fc1cbc2c909b2f536e4a984
  original:
    git: https://github.com/hussein-aitlahcen/aeson-tiled.git
    commit: ce5ca6c42e9af64b1fc1cbc2c909b2f536e4a984
snapshots:
- completed:
    size: 631483
    url: https://raw.githubusercontent.com/commercialhaskell/stackage-snapshots/master/nightly/2022/1/27.yaml
    sha256: 9fd3a84e21a00cbd62abe0cfd8e3620d8014272d27b9357dfe27704270d49624
  original: nightly-2022-01-27
